
Microsoft Visual Studio Solution File, Format Version 12.00
# Visual Studio Version 16
VisualStudioVersion = 16.0.30717.126
MinimumVisualStudioVersion = 10.0.40219.1
Project("{FAE04EC0-301F-11D3-BF4B-00C04F79EFBC}") = "Syn3Updater", "Syn3Updater.csproj", "{0A3F08DD-2B7B-40A9-A740-7C3BFE4BC2C1}"
EndProject
Global
	GlobalSection(SolutionConfigurationPlatforms) = preSolution
		Debug|Any CPU = Debug|Any CPU
		Release|Any CPU = Release|Any CPU
	EndGlobalSection
	GlobalSection(ProjectConfigurationPlatforms) = postSolution
		{0A3F08DD-2B7B-40A9-A740-7C3BFE4BC2C1}.Debug|Any CPU.ActiveCfg = Debug|Any CPU
		{0A3F08DD-2B7B-40A9-A740-7C3BFE4BC2C1}.Debug|Any CPU.Build.0 = Debug|Any CPU
		{0A3F08DD-2B7B-40A9-A740-7C3BFE4BC2C1}.Release|Any CPU.ActiveCfg = Release|Any CPU
		{0A3F08DD-2B7B-40A9-A740-7C3BFE4BC2C1}.Release|Any CPU.Build.0 = Release|Any CPU
	EndGlobalSection
	GlobalSection(SolutionProperties) = preSolution
		HideSolutionNode = FALSE
	EndGlobalSection
	GlobalSection(ExtensibilityGlobals) = postSolution
		SolutionGuid = {B67DDE34-44D2-4865-9A54-DAF7D464BDA4}
	EndGlobalSection
EndGlobal
